{
  "name": "examples_server_client",
  "version": "0.0.0",
  "lockfileVersion": 3,
  "requires": true,
  "packages": {
    "": {
      "name": "examples_server_client",
      "version": "0.0.0",
      "dependencies": {
        "agdb_api": "file:../../agdb_api/typescript"
      },
      "devDependencies": {
        "typescript": "^5.3.3"
      }
    },
    "../../agdb_api/typescript": {
      "name": "agdb_api",
      "version": "0.0.0",
      "dependencies": {
        "openapi-client-axios": "^7.5.1"
      },
      "devDependencies": {
        "@rushstack/eslint-patch": "^1.6.1",
        "@types/node": "^20.10.5",
        "@typescript-eslint/parser": "^6.16.0",
        "@vitest/coverage-v8": "^1.1.0",
        "eslint": "^8.56.0",
        "prettier": "^3.1.1",
        "typescript": "^5.3.3",
        "vite": "^5.0.10",
        "vitest": "^1.1.0"
      }
    },
    "node_modules/agdb_api": {
      "resolved": "../../agdb_api/typescript",
      "link": true
    },
    "node_modules/typescript": {
      "version": "5.3.3",
      "resolved": "https://registry.npmjs.org/typescript/-/typescript-5.3.3.tgz",
      "integrity": "sha512-pXWcraxM0uxAS+tN0AG/BF2TyqmHO014Z070UsJ+pFvYuRSq8KH8DmWpnbXe0pEPDHXZV3FcAbJkijJ5oNEnWw==",
      "dev": true,
      "bin": {
        "tsc": "bin/tsc",
        "tsserver": "bin/tsserver"
      },
      "engines": {
        "node": ">=14.17"
      }
    }
  }
}
