{
  "name": "php",
  "lockfileVersion": 3,
  "requires": true,
  "packages": {
    "": {
      "name": "php",
      "devDependencies": {
        "@prettier/plugin-php": "^0.22.2",
        "prettier": "^3.3.3"
      }
    },
    "node_modules/@prettier/plugin-php": {
      "version": "0.22.2",
      "resolved": "https://registry.npmjs.org/@prettier/plugin-php/-/plugin-php-0.22.2.tgz",
      "integrity": "sha512-md0+7tNbsP0oy+wIP3KZZc6fzx1k1jtWaMjOy/gM8yU9f2BDYEi+iHOc/UNPihYvPI28zFTbjvlhH4QXQjQwNg==",
      "dev": true,
      "license": "MIT",
      "dependencies": {
        "linguist-languages": "^7.27.0",
        "php-parser": "^3.1.5"
      },
      "peerDependencies": {
        "prettier": "^3.0.0"
      }
    },
    "node_modules/linguist-languages": {
      "version": "7.27.0",
      "resolved": "https://registry.npmjs.org/linguist-languages/-/linguist-languages-7.27.0.tgz",
      "integrity": "sha512-Wzx/22c5Jsv2ag+uKy+ITanGA5hzvBZngrNGDXLTC7ZjGM6FLCYGgomauTkxNJeP9of353OM0pWqngYA180xgw==",
      "dev": true,
      "license": "MIT"
    },
    "node_modules/php-parser": {
      "version": "3.1.5",
      "resolved": "https://registry.npmjs.org/php-parser/-/php-parser-3.1.5.tgz",
      "integrity": "sha512-jEY2DcbgCm5aclzBdfW86GM6VEIWcSlhTBSHN1qhJguVePlYe28GhwS0yoeLYXpM2K8y6wzLwrbq814n2PHSoQ==",
      "dev": true,
      "license": "BSD-3-Clause"
    },
    "node_modules/prettier": {
      "version": "3.3.3",
      "resolved": "https://registry.npmjs.org/prettier/-/prettier-3.3.3.tgz",
      "integrity": "sha512-i2tDNA0O5IrMO757lfrdQZCc2jPNDVntV0m/+4whiDfWaTKfMNgR7Qz0NAeGz/nRqF4m5/6CLzbP4/liHt12Ew==",
      "dev": true,
      "license": "MIT",
      "bin": {
        "prettier": "bin/prettier.cjs"
      },
      "engines": {
        "node": ">=14"
      },
      "funding": {
        "url": "https://github.com/prettier/prettier?sponsor=1"
      }
    }
  }
}
